
Microsoft Visual Studio Solution File, Format Version 12.00
# Visual Studio Version 16
VisualStudioVersion = 16.0.31005.135
MinimumVisualStudioVersion = 10.0.40219.1
Project("{FAE04EC0-301F-11D3-BF4B-00C04F79EFBC}") = "BinarySearchTree DS Basic Operations and Problems", "BinarySearchTree DS Basic Operations and Problems.csproj", "{02F8F08B-6732-4F25-927B-4463BBFE0094}"
EndProject
Global
	GlobalSection(SolutionConfigurationPlatforms) = preSolution
		Debug|Any CPU = Debug|Any CPU
		Release|Any CPU = Release|Any CPU
	EndGlobalSection
	GlobalSection(ProjectConfigurationPlatforms) = postSolution
		{02F8F08B-6732-4F25-927B-4463BBFE0094}.Debug|Any CPU.ActiveCfg = Debug|Any CPU
		{02F8F08B-6732-4F25-927B-4463BBFE0094}.Debug|Any CPU.Build.0 = Debug|Any CPU
		{02F8F08B-6732-4F25-927B-4463BBFE0094}.Release|Any CPU.ActiveCfg = Release|Any CPU
		{02F8F08B-6732-4F25-927B-4463BBFE0094}.Release|Any CPU.Build.0 = Release|Any CPU
	EndGlobalSection
	GlobalSection(SolutionProperties) = preSolution
		HideSolutionNode = FALSE
	EndGlobalSection
	GlobalSection(ExtensibilityGlobals) = postSolution
		SolutionGuid = {CE070C40-04DE-451B-B614-DFB1CCB09BAE}
	EndGlobalSection
EndGlobal
